
Microsoft Visual Studio Solution File, Format Version 12.00
# Visual Studio Version 17
VisualStudioVersion = 17.0.31825.309
MinimumVisualStudioVersion = 10.0.40219.1
Project("{9A19103F-16F7-4668-BE54-9A1E7A4F7556}") = "RoboSum.API", "RoboSum.API\RoboSum.API.csproj", "{70B282EC-C015-4397-927A-3777E4BE7A24}"
EndProject
Project("{2150E333-8FDC-42A3-9474-1A3956D46DE8}") = "Solution Items", "Solution Items", "{A1EE6B44-F696-4737-9F3D-6DCA45F0FF16}"
	ProjectSection(SolutionItems) = preProject
		.editorconfig = .editorconfig
	EndProjectSection
EndProject
Project("{2150E333-8FDC-42A3-9474-1A3956D46DE8}") = "Core", "Core", "{C7BF0C30-FC00-422B-8E20-B6AA8966B6C9}"
EndProject
Project("{9A19103F-16F7-4668-BE54-9A1E7A4F7556}") = "RoboSum.Domain", "RoboSum.Domain\RoboSum.Domain.csproj", "{DD0947B8-50BD-46F5-920C-8F60C5F5B64F}"
EndProject
Project("{9A19103F-16F7-4668-BE54-9A1E7A4F7556}") = "RoboSum.DTOs", "RoboSum.DTOs\RoboSum.DTOs.csproj", "{A6C6D6A7-592D-46AE-88FD-2251A42EBA63}"
EndProject
Project("{9A19103F-16F7-4668-BE54-9A1E7A4F7556}") = "RoboSum.Services", "RoboSum.Services\RoboSum.Services.csproj", "{8DE30994-FB10-40D5-8126-ED7B43EFAA67}"
EndProject
Project("{9A19103F-16F7-4668-BE54-9A1E7A4F7556}") = "RoboSum.Services.Abstractions", "RoboSum.Services.Abstractions\RoboSum.Services.Abstractions.csproj", "{67D03E6B-055C-4A59-B724-3A2DD2DAE537}"
EndProject
Project("{2150E333-8FDC-42A3-9474-1A3956D46DE8}") = "Persistence", "Persistence", "{32DAA139-8B32-449A-8426-3DE4DBE90594}"
EndProject
Project("{9A19103F-16F7-4668-BE54-9A1E7A4F7556}") = "RoboSum.Persistence.SQL", "RoboSum.Persistence\RoboSum.Persistence.SQL.csproj", "{E4A39B99-9730-4B83-B725-F069792932C7}"
EndProject
Project("{9A19103F-16F7-4668-BE54-9A1E7A4F7556}") = "RoboSum.Persistence.PostgreSQL", "RoboSum.Persistence.PostgreSQL\RoboSum.Persistence.PostgreSQL.csproj", "{5CC921E3-315D-4938-BD38-1C66380888F1}"
EndProject
Project("{2150E333-8FDC-42A3-9474-1A3956D46DE8}") = "Services", "Services", "{EC36C14B-A4BA-4508-8D72-FE51560EBB19}"
EndProject
Project("{2150E333-8FDC-42A3-9474-1A3956D46DE8}") = "Presentation", "Presentation", "{3CA354F3-E211-41C5-BD07-F8EDF411346F}"
EndProject
Project("{2150E333-8FDC-42A3-9474-1A3956D46DE8}") = "Infrastructure", "Infrastructure", "{277163A2-E69A-48B9-BDA2-BD37A33EBA8D}"
EndProject
Project("{9A19103F-16F7-4668-BE54-9A1E7A4F7556}") = "RoboSum.Repositories", "RoboSum.Repositories\RoboSum.Repositories.csproj", "{81629D8C-F8B0-4D16-BBD4-E53BCDBB2045}"
EndProject
Project("{9A19103F-16F7-4668-BE54-9A1E7A4F7556}") = "RoboSum.Logging.MongoDB", "RoboSum.Persistence.MongoDB\RoboSum.Logging.MongoDB.csproj", "{7D734557-D5A7-4F5B-B692-E8B279DF16F1}"
EndProject
Project("{2150E333-8FDC-42A3-9474-1A3956D46DE8}") = "Logging", "Logging", "{33EDD595-0D5F-43AC-80B7-8A40A22FB814}"
EndProject
Global
	GlobalSection(SolutionConfigurationPlatforms) = preSolution
		Debug|Any CPU = Debug|Any CPU
		Release|Any CPU = Release|Any CPU
	EndGlobalSection
	GlobalSection(ProjectConfigurationPlatforms) = postSolution
		{70B282EC-C015-4397-927A-3777E4BE7A24}.Debug|Any CPU.ActiveCfg = Debug|Any CPU
		{70B282EC-C015-4397-927A-3777E4BE7A24}.Debug|Any CPU.Build.0 = Debug|Any CPU
		{70B282EC-C015-4397-927A-3777E4BE7A24}.Release|Any CPU.ActiveCfg = Release|Any CPU
		{70B282EC-C015-4397-927A-3777E4BE7A24}.Release|Any CPU.Build.0 = Release|Any CPU
		{DD0947B8-50BD-46F5-920C-8F60C5F5B64F}.Debug|Any CPU.ActiveCfg = Debug|Any CPU
		{DD0947B8-50BD-46F5-920C-8F60C5F5B64F}.Debug|Any CPU.Build.0 = Debug|Any CPU
		{DD0947B8-50BD-46F5-920C-8F60C5F5B64F}.Release|Any CPU.ActiveCfg = Release|Any CPU
		{DD0947B8-50BD-46F5-920C-8F60C5F5B64F}.Release|Any CPU.Build.0 = Release|Any CPU
		{A6C6D6A7-592D-46AE-88FD-2251A42EBA63}.Debug|Any CPU.ActiveCfg = Debug|Any CPU
		{A6C6D6A7-592D-46AE-88FD-2251A42EBA63}.Debug|Any CPU.Build.0 = Debug|Any CPU
		{A6C6D6A7-592D-46AE-88FD-2251A42EBA63}.Release|Any CPU.ActiveCfg = Release|Any CPU
		{A6C6D6A7-592D-46AE-88FD-2251A42EBA63}.Release|Any CPU.Build.0 = Release|Any CPU
		{8DE30994-FB10-40D5-8126-ED7B43EFAA67}.Debug|Any CPU.ActiveCfg = Debug|Any CPU
		{8DE30994-FB10-40D5-8126-ED7B43EFAA67}.Debug|Any CPU.Build.0 = Debug|Any CPU
		{8DE30994-FB10-40D5-8126-ED7B43EFAA67}.Release|Any CPU.ActiveCfg = Release|Any CPU
		{8DE30994-FB10-40D5-8126-ED7B43EFAA67}.Release|Any CPU.Build.0 = Release|Any CPU
		{67D03E6B-055C-4A59-B724-3A2DD2DAE537}.Debug|Any CPU.ActiveCfg = Debug|Any CPU
		{67D03E6B-055C-4A59-B724-3A2DD2DAE537}.Debug|Any CPU.Build.0 = Debug|Any CPU
		{67D03E6B-055C-4A59-B724-3A2DD2DAE537}.Release|Any CPU.ActiveCfg = Release|Any CPU
		{67D03E6B-055C-4A59-B724-3A2DD2DAE537}.Release|Any CPU.Build.0 = Release|Any CPU
		{E4A39B99-9730-4B83-B725-F069792932C7}.Debug|Any CPU.ActiveCfg = Debug|Any CPU
		{E4A39B99-9730-4B83-B725-F069792932C7}.Debug|Any CPU.Build.0 = Debug|Any CPU
		{E4A39B99-9730-4B83-B725-F069792932C7}.Release|Any CPU.ActiveCfg = Release|Any CPU
		{E4A39B99-9730-4B83-B725-F069792932C7}.Release|Any CPU.Build.0 = Release|Any CPU
		{5CC921E3-315D-4938-BD38-1C66380888F1}.Debug|Any CPU.ActiveCfg = Debug|Any CPU
		{5CC921E3-315D-4938-BD38-1C66380888F1}.Debug|Any CPU.Build.0 = Debug|Any CPU
		{5CC921E3-315D-4938-BD38-1C66380888F1}.Release|Any CPU.ActiveCfg = Release|Any CPU
		{5CC921E3-315D-4938-BD38-1C66380888F1}.Release|Any CPU.Build.0 = Release|Any CPU
		{81629D8C-F8B0-4D16-BBD4-E53BCDBB2045}.Debug|Any CPU.ActiveCfg = Debug|Any CPU
		{81629D8C-F8B0-4D16-BBD4-E53BCDBB2045}.Debug|Any CPU.Build.0 = Debug|Any CPU
		{81629D8C-F8B0-4D16-BBD4-E53BCDBB2045}.Release|Any CPU.ActiveCfg = Release|Any CPU
		{81629D8C-F8B0-4D16-BBD4-E53BCDBB2045}.Release|Any CPU.Build.0 = Release|Any CPU
		{7D734557-D5A7-4F5B-B692-E8B279DF16F1}.Debug|Any CPU.ActiveCfg = Debug|Any CPU
		{7D734557-D5A7-4F5B-B692-E8B279DF16F1}.Debug|Any CPU.Build.0 = Debug|Any CPU
		{7D734557-D5A7-4F5B-B692-E8B279DF16F1}.Release|Any CPU.ActiveCfg = Release|Any CPU
		{7D734557-D5A7-4F5B-B692-E8B279DF16F1}.Release|Any CPU.Build.0 = Release|Any CPU
	EndGlobalSection
	GlobalSection(SolutionProperties) = preSolution
		HideSolutionNode = FALSE
	EndGlobalSection
	GlobalSection(NestedProjects) = preSolution
		{70B282EC-C015-4397-927A-3777E4BE7A24} = {3CA354F3-E211-41C5-BD07-F8EDF411346F}
		{DD0947B8-50BD-46F5-920C-8F60C5F5B64F} = {C7BF0C30-FC00-422B-8E20-B6AA8966B6C9}
		{A6C6D6A7-592D-46AE-88FD-2251A42EBA63} = {C7BF0C30-FC00-422B-8E20-B6AA8966B6C9}
		{8DE30994-FB10-40D5-8126-ED7B43EFAA67} = {EC36C14B-A4BA-4508-8D72-FE51560EBB19}
		{67D03E6B-055C-4A59-B724-3A2DD2DAE537} = {EC36C14B-A4BA-4508-8D72-FE51560EBB19}
		{32DAA139-8B32-449A-8426-3DE4DBE90594} = {277163A2-E69A-48B9-BDA2-BD37A33EBA8D}
		{E4A39B99-9730-4B83-B725-F069792932C7} = {32DAA139-8B32-449A-8426-3DE4DBE90594}
		{5CC921E3-315D-4938-BD38-1C66380888F1} = {32DAA139-8B32-449A-8426-3DE4DBE90594}
		{81629D8C-F8B0-4D16-BBD4-E53BCDBB2045} = {277163A2-E69A-48B9-BDA2-BD37A33EBA8D}
		{7D734557-D5A7-4F5B-B692-E8B279DF16F1} = {33EDD595-0D5F-43AC-80B7-8A40A22FB814}
		{33EDD595-0D5F-43AC-80B7-8A40A22FB814} = {277163A2-E69A-48B9-BDA2-BD37A33EBA8D}
	EndGlobalSection
	GlobalSection(ExtensibilityGlobals) = postSolution
		SolutionGuid = {83144BD2-3B02-4180-A0BC-572141EE212D}
	EndGlobalSection
EndGlobal
